// !$*UTF8*$!
{
	archiveVersion = 1;
	classes = {
	};
	objectVersion = 56;
	objects = {

/* Begin PBXBuildFile section */
		001 /* FlockFinderApp.swift in Sources */ = {isa = PBXBuildFile; fileRef = 101 /* FlockFinderApp.swift */; };
		002 /* ContentView.swift in Sources */ = {isa = PBXBuildFile; fileRef = 102 /* ContentView.swift */; };
		003 /* MapView.swift in Sources */ = {isa = PBXBuildFile; fileRef = 103 /* MapView.swift */; };
		004 /* HistoryView.swift in Sources */ = {isa = PBXBuildFile; fileRef = 104 /* HistoryView.swift */; };
		005 /* SettingsView.swift in Sources */ = {isa = PBXBuildFile; fileRef = 105 /* SettingsView.swift */; };
		006 /* BLEManager.swift in Sources */ = {isa = PBXBuildFile; fileRef = 106 /* BLEManager.swift */; };
		007 /* LocationManager.swift in Sources */ = {isa = PBXBuildFile; fileRef = 107 /* LocationManager.swift */; };
		008 /* MotionManager.swift in Sources */ = {isa = PBXBuildFile; fileRef = 108 /* MotionManager.swift */; };
		009 /* DatabaseManager.swift in Sources */ = {isa = PBXBuildFile; fileRef = 109 /* DatabaseManager.swift */; };
		010 /* FlockDetection.swift in Sources */ = {isa = PBXBuildFile; fileRef = 110 /* FlockDetection.swift */; };
		011 /* Assets.xcassets in Resources */ = {isa = PBXBuildFile; fileRef = 111 /* Assets.xcassets */; };
		46B0B3A32F09BD82002F107B /* AppSettings.swift in Sources */ = {isa = PBXBuildFile; fileRef = 46B0B3A22F09BD82002F107B /* AppSettings.swift */; };
		46B0B3A52F09BDA2002F107B /* AudioAlertManager.swift in Sources */ = {isa = PBXBuildFile; fileRef = 46B0B3A42F09BDA2002F107B /* AudioAlertManager.swift */; };
		46B0B3A72F09BE2B002F107B /* DetectionCoordinator.swift in Sources */ = {isa = PBXBuildFile; fileRef = 46B0B3A62F09BE2B002F107B /* DetectionCoordinator.swift */; };
		46B0B3A92F09BE64002F107B /* SETUP_INSTRUCTIONS.md in Resources */ = {isa = PBXBuildFile; fileRef = 46B0B3A82F09BE64002F107B /* SETUP_INSTRUCTIONS.md */; };
		46B0B3AC2F09BF72002F107B /* iCloudManager.swift in Sources */ = {isa = PBXBuildFile; fileRef = 46B0B3AB2F09BF72002F107B /* iCloudManager.swift */; };
		46B0B3AE2F09BFF7002F107B /* iCloud_Setup_Guide.md in Resources */ = {isa = PBXBuildFile; fileRef = 46B0B3AD2F09BFF7002F107B /* iCloud_Setup_Guide.md */; };
		46E282CA2F09B98D005D783C /* DebugStreamView.swift in Sources */ = {isa = PBXBuildFile; fileRef = 46E282C92F09B98D005D783C /* DebugStreamView.swift */; };
/* End PBXBuildFile section */

/* Begin PBXFileReference section */
		100 /* FlockFinder.app */ = {isa = PBXFileReference; explicitFileType = wrapper.application; includeInIndex = 0; path = FlockFinder.app; sourceTree = BUILT_PRODUCTS_DIR; };
		101 /* FlockFinderApp.swift */ = {isa = PBXFileReference; lastKnownFileType = sourcecode.swift; path = FlockFinderApp.swift; sourceTree = "<group>"; };
		102 /* ContentView.swift */ = {isa = PBXFileReference; lastKnownFileType = sourcecode.swift; path = ContentView.swift; sourceTree = "<group>"; };
		103 /* MapView.swift */ = {isa = PBXFileReference; lastKnownFileType = sourcecode.swift; path = MapView.swift; sourceTree = "<group>"; };
		104 /* HistoryView.swift */ = {isa = PBXFileReference; lastKnownFileType = sourcecode.swift; path = HistoryView.swift; sourceTree = "<group>"; };
		105 /* SettingsView.swift */ = {isa = PBXFileReference; lastKnownFileType = sourcecode.swift; path = SettingsView.swift; sourceTree = "<group>"; };
		106 /* BLEManager.swift */ = {isa = PBXFileReference; lastKnownFileType = sourcecode.swift; path = BLEManager.swift; sourceTree = "<group>"; };
		107 /* LocationManager.swift */ = {isa = PBXFileReference; lastKnownFileType = sourcecode.swift; path = LocationManager.swift; sourceTree = "<group>"; };
		108 /* MotionManager.swift */ = {isa = PBXFileReference; lastKnownFileType = sourcecode.swift; path = MotionManager.swift; sourceTree = "<group>"; };
		109 /* DatabaseManager.swift */ = {isa = PBXFileReference; lastKnownFileType = sourcecode.swift; path = DatabaseManager.swift; sourceTree = "<group>"; };
		110 /* FlockDetection.swift */ = {isa = PBXFileReference; lastKnownFileType = sourcecode.swift; path = FlockDetection.swift; sourceTree = "<group>"; };
		111 /* Assets.xcassets */ = {isa = PBXFileReference; lastKnownFileType = folder.assetcatalog; path = Assets.xcassets; sourceTree = "<group>"; };
		112 /* Info.plist */ = {isa = PBXFileReference; lastKnownFileType = text.plist.xml; path = Info.plist; sourceTree = "<group>"; };
		46B0B3A22F09BD82002F107B /* AppSettings.swift */ = {isa = PBXFileReference; lastKnownFileType = sourcecode.swift; path = AppSettings.swift; sourceTree = "<group>"; };
		46B0B3A42F09BDA2002F107B /* AudioAlertManager.swift */ = {isa = PBXFileReference; lastKnownFileType = sourcecode.swift; path = AudioAlertManager.swift; sourceTree = "<group>"; };
		46B0B3A62F09BE2B002F107B /* DetectionCoordinator.swift */ = {isa = PBXFileReference; lastKnownFileType = sourcecode.swift; path = DetectionCoordinator.swift; sourceTree = "<group>"; };
		46B0B3A82F09BE64002F107B /* SETUP_INSTRUCTIONS.md */ = {isa = PBXFileReference; lastKnownFileType = net.daringfireball.markdown; path = SETUP_INSTRUCTIONS.md; sourceTree = "<group>"; };
		46B0B3AA2F09BE6A002F107B /* FlockFinder.entitlements */ = {isa = PBXFileReference; lastKnownFileType = text.plist.entitlements; path = FlockFinder.entitlements; sourceTree = "<group>"; };
		46B0B3AB2F09BF72002F107B /* iCloudManager.swift */ = {isa = PBXFileReference; lastKnownFileType = sourcecode.swift; path = iCloudManager.swift; sourceTree = "<group>"; };
		46B0B3AD2F09BFF7002F107B /* iCloud_Setup_Guide.md */ = {isa = PBXFileReference; lastKnownFileType = net.daringfireball.markdown; path = iCloud_Setup_Guide.md; sourceTree = "<group>"; };
		46E282C92F09B98D005D783C /* DebugStreamView.swift */ = {isa = PBXFileReference; lastKnownFileType = sourcecode.swift; path = DebugStreamView.swift; sourceTree = "<group>"; };
/* End PBXFileReference section */

/* Begin PBXFrameworksBuildPhase section */
		200 /* Frameworks */ = {
			isa = PBXFrameworksBuildPhase;
			buildActionMask = 2147483647;
			files = (
			);
			runOnlyForDeploymentPostprocessing = 0;
		};
/* End PBXFrameworksBuildPhase section */

/* Begin PBXGroup section */
		300 = {
			isa = PBXGroup;
			children = (
				301 /* FlockFinder */,
				302 /* Products */,
			);
			sourceTree = "<group>";
		};
		301 /* FlockFinder */ = {
			isa = PBXGroup;
			children = (
				101 /* FlockFinderApp.swift */,
				303 /* Views */,
				304 /* Managers */,
				305 /* Models */,
				111 /* Assets.xcassets */,
				112 /* Info.plist */,
			);
			path = FlockFinder;
			sourceTree = "<group>";
		};
		302 /* Products */ = {
			isa = PBXGroup;
			children = (
				100 /* FlockFinder.app */,
			);
			name = Products;
			sourceTree = "<group>";
		};
		303 /* Views */ = {
			isa = PBXGroup;
			children = (
				102 /* ContentView.swift */,
				103 /* MapView.swift */,
				104 /* HistoryView.swift */,
				105 /* SettingsView.swift */,
				46E282C92F09B98D005D783C /* DebugStreamView.swift */,
				46B0B3A22F09BD82002F107B /* AppSettings.swift */,
				46B0B3A42F09BDA2002F107B /* AudioAlertManager.swift */,
				46B0B3A62F09BE2B002F107B /* DetectionCoordinator.swift */,
				46B0B3A82F09BE64002F107B /* SETUP_INSTRUCTIONS.md */,
				46B0B3AA2F09BE6A002F107B /* FlockFinder.entitlements */,
				46B0B3AB2F09BF72002F107B /* iCloudManager.swift */,
				46B0B3AD2F09BFF7002F107B /* iCloud_Setup_Guide.md */,
			);
			path = Views;
			sourceTree = "<group>";
		};
		304 /* Managers */ = {
			isa = PBXGroup;
			children = (
				106 /* BLEManager.swift */,
				107 /* LocationManager.swift */,
				108 /* MotionManager.swift */,
				109 /* DatabaseManager.swift */,
			);
			path = Managers;
			sourceTree = "<group>";
		};
		305 /* Models */ = {
			isa = PBXGroup;
			children = (
				110 /* FlockDetection.swift */,
			);
			path = Models;
			sourceTree = "<group>";
		};
/* End PBXGroup section */

/* Begin PBXNativeTarget section */
		400 /* FlockFinder */ = {
			isa = PBXNativeTarget;
			buildConfigurationList = 501 /* Build configuration list for PBXNativeTarget "FlockFinder" */;
			buildPhases = (
				401 /* Sources */,
				200 /* Frameworks */,
				402 /* Resources */,
			);
			buildRules = (
			);
			dependencies = (
			);
			name = FlockFinder;
			productName = FlockFinder;
			productReference = 100 /* FlockFinder.app */;
			productType = "com.apple.product-type.application";
		};
/* End PBXNativeTarget section */

/* Begin PBXProject section */
		600 /* Project object */ = {
			isa = PBXProject;
			attributes = {
				BuildIndependentTargetsInParallel = 1;
				LastSwiftUpdateCheck = 1500;
				LastUpgradeCheck = 2620;
				TargetAttributes = {
					400 = {
						CreatedOnToolsVersion = 15.0;
					};
				};
			};
			buildConfigurationList = 500 /* Build configuration list for PBXProject "FlockFinder" */;
			compatibilityVersion = "Xcode 14.0";
			developmentRegion = en;
			hasScannedForEncodings = 0;
			knownRegions = (
				en,
				Base,
			);
			mainGroup = 300;
			productRefGroup = 302 /* Products */;
			projectDirPath = "";
			projectRoot = "";
			targets = (
				400 /* FlockFinder */,
			);
		};
/* End PBXProject section */

/* Begin PBXResourcesBuildPhase section */
		402 /* Resources */ = {
			isa = PBXResourcesBuildPhase;
			buildActionMask = 2147483647;
			files = (
				46B0B3AE2F09BFF7002F107B /* iCloud_Setup_Guide.md in Resources */,
				011 /* Assets.xcassets in Resources */,
				46B0B3A92F09BE64002F107B /* SETUP_INSTRUCTIONS.md in Resources */,
			);
			runOnlyForDeploymentPostprocessing = 0;
		};
/* End PBXResourcesBuildPhase section */

/* Begin PBXSourcesBuildPhase section */
		401 /* Sources */ = {
			isa = PBXSourcesBuildPhase;
			buildActionMask = 2147483647;
			files = (
				001 /* FlockFinderApp.swift in Sources */,
				46E282CA2F09B98D005D783C /* DebugStreamView.swift in Sources */,
				46B0B3A72F09BE2B002F107B /* DetectionCoordinator.swift in Sources */,
				46B0B3A32F09BD82002F107B /* AppSettings.swift in Sources */,
				002 /* ContentView.swift in Sources */,
				003 /* MapView.swift in Sources */,
				004 /* HistoryView.swift in Sources */,
				005 /* SettingsView.swift in Sources */,
				006 /* BLEManager.swift in Sources */,
				007 /* LocationManager.swift in Sources */,
				46B0B3AC2F09BF72002F107B /* iCloudManager.swift in Sources */,
				46B0B3A52F09BDA2002F107B /* AudioAlertManager.swift in Sources */,
				008 /* MotionManager.swift in Sources */,
				009 /* DatabaseManager.swift in Sources */,
				010 /* FlockDetection.swift in Sources */,
			);
			runOnlyForDeploymentPostprocessing = 0;
		};
/* End PBXSourcesBuildPhase section */

/* Begin XCBuildConfiguration section */
		700 /* Debug */ = {
			isa = XCBuildConfiguration;
			buildSettings = {
				ALWAYS_SEARCH_USER_PATHS = NO;
				ASSETCATALOG_COMPILER_GENERATE_SWIFT_ASSET_SYMBOL_EXTENSIONS = YES;
				CLANG_ANALYZER_NONNULL = YES;
				CLANG_ANALYZER_NUMBER_OBJECT_CONVERSION = YES_AGGRESSIVE;
				CLANG_CXX_LANGUAGE_STANDARD = "gnu++20";
				CLANG_ENABLE_MODULES = YES;
				CLANG_ENABLE_OBJC_ARC = YES;
				CLANG_ENABLE_OBJC_WEAK = YES;
				CLANG_WARN_BLOCK_CAPTURE_AUTORELEASING = YES;
				CLANG_WARN_BOOL_CONVERSION = YES;
				CLANG_WARN_COMMA = YES;
				CLANG_WARN_CONSTANT_CONVERSION = YES;
				CLANG_WARN_DEPRECATED_OBJC_IMPLEMENTATIONS = YES;
				CLANG_WARN_DIRECT_OBJC_ISA_USAGE = YES_ERROR;
				CLANG_WARN_DOCUMENTATION_COMMENTS = YES;
				CLANG_WARN_EMPTY_BODY = YES;
				CLANG_WARN_ENUM_CONVERSION = YES;
				CLANG_WARN_INFINITE_RECURSION = YES;
				CLANG_WARN_INT_CONVERSION = YES;
				CLANG_WARN_NON_LITERAL_NULL_CONVERSION = YES;
				CLANG_WARN_OBJC_IMPLICIT_RETAIN_SELF = YES;
				CLANG_WARN_OBJC_LITERAL_CONVERSION = YES;
				CLANG_WARN_OBJC_ROOT_CLASS = YES_ERROR;
				CLANG_WARN_QUOTED_INCLUDE_IN_FRAMEWORK_HEADER = YES;
				CLANG_WARN_RANGE_LOOP_ANALYSIS = YES;
				CLANG_WARN_STRICT_PROTOTYPES = YES;
				CLANG_WARN_SUSPICIOUS_MOVE = YES;
				CLANG_WARN_UNGUARDED_AVAILABILITY = YES_AGGRESSIVE;
				CLANG_WARN_UNREACHABLE_CODE = YES;
				CLANG_WARN__DUPLICATE_METHOD_MATCH = YES;
				COPY_PHASE_STRIP = NO;
				DEBUG_INFORMATION_FORMAT = dwarf;
				DEVELOPMENT_TEAM = K7BL927ESF;
				ENABLE_STRICT_OBJC_MSGSEND = YES;
				ENABLE_TESTABILITY = YES;
				ENABLE_USER_SCRIPT_SANDBOXING = YES;
				GCC_C_LANGUAGE_STANDARD = gnu17;
				GCC_DYNAMIC_NO_PIC = NO;
				GCC_NO_COMMON_BLOCKS = YES;
				GCC_OPTIMIZATION_LEVEL = 0;
				GCC_PREPROCESSOR_DEFINITIONS = (
					"DEBUG=1",
					"$(inherited)",
				);
				GCC_WARN_64_TO_32_BIT_CONVERSION = YES;
				GCC_WARN_ABOUT_RETURN_TYPE = YES_ERROR;
				GCC_WARN_UNDECLARED_SELECTOR = YES;
				GCC_WARN_UNINITIALIZED_AUTOS = YES_AGGRESSIVE;
				GCC_WARN_UNUSED_FUNCTION = YES;
				GCC_WARN_UNUSED_VARIABLE = YES;
				IPHONEOS_DEPLOYMENT_TARGET = 16.0;
				LOCALIZATION_PREFERS_STRING_CATALOGS = YES;
				MTL_ENABLE_DEBUG_INFO = INCLUDE_SOURCE;
				MTL_FAST_MATH = YES;
				ONLY_ACTIVE_ARCH = YES;
				SDKROOT = iphoneos;
				STRING_CATALOG_GENERATE_SYMBOLS = YES;
				SWIFT_ACTIVE_COMPILATION_CONDITIONS = "DEBUG $(inherited)";
				SWIFT_OPTIMIZATION_LEVEL = "-Onone";
			};
			name = Debug;
		};
		701 /* Release */ = {
			isa = XCBuildConfiguration;
			buildSettings = {
				ALWAYS_SEARCH_USER_PATHS = NO;
				ASSETCATALOG_COMPILER_GENERATE_SWIFT_ASSET_SYMBOL_EXTENSIONS = YES;
				CLANG_ANALYZER_NONNULL = YES;
				CLANG_ANALYZER_NUMBER_OBJECT_CONVERSION = YES_AGGRESSIVE;
				CLANG_CXX_LANGUAGE_STANDARD = "gnu++20";
				CLANG_ENABLE_MODULES = YES;
				CLANG_ENABLE_OBJC_ARC = YES;
				CLANG_ENABLE_OBJC_WEAK = YES;
				CLANG_WARN_BLOCK_CAPTURE_AUTORELEASING = YES;
				CLANG_WARN_BOOL_CONVERSION = YES;
				CLANG_WARN_COMMA = YES;
				CLANG_WARN_CONSTANT_CONVERSION = YES;
				CLANG_WARN_DEPRECATED_OBJC_IMPLEMENTATIONS = YES;
				CLANG_WARN_DIRECT_OBJC_ISA_USAGE = YES_ERROR;
				CLANG_WARN_DOCUMENTATION_COMMENTS = YES;
				CLANG_WARN_EMPTY_BODY = YES;
				CLANG_WARN_ENUM_CONVERSION = YES;
				CLANG_WARN_INFINITE_RECURSION = YES;
				CLANG_WARN_INT_CONVERSION = YES;
				CLANG_WARN_NON_LITERAL_NULL_CONVERSION = YES;
				CLANG_WARN_OBJC_IMPLICIT_RETAIN_SELF = YES;
				CLANG_WARN_OBJC_LITERAL_CONVERSION = YES;
				CLANG_WARN_OBJC_ROOT_CLASS = YES_ERROR;
				CLANG_WARN_QUOTED_INCLUDE_IN_FRAMEWORK_HEADER = YES;
				CLANG_WARN_RANGE_LOOP_ANALYSIS = YES;
				CLANG_WARN_STRICT_PROTOTYPES = YES;
				CLANG_WARN_SUSPICIOUS_MOVE = YES;
				CLANG_WARN_UNGUARDED_AVAILABILITY = YES_AGGRESSIVE;
				CLANG_WARN_UNREACHABLE_CODE = YES;
				CLANG_WARN__DUPLICATE_METHOD_MATCH = YES;
				COPY_PHASE_STRIP = NO;
				DEBUG_INFORMATION_FORMAT = "dwarf-with-dsym";
				DEVELOPMENT_TEAM = K7BL927ESF;
				ENABLE_NS_ASSERTIONS = NO;
				ENABLE_STRICT_OBJC_MSGSEND = YES;
				ENABLE_USER_SCRIPT_SANDBOXING = YES;
				GCC_C_LANGUAGE_STANDARD = gnu17;
				GCC_NO_COMMON_BLOCKS = YES;
				GCC_WARN_64_TO_32_BIT_CONVERSION = YES;
				GCC_WARN_ABOUT_RETURN_TYPE = YES_ERROR;
				GCC_WARN_UNDECLARED_SELECTOR = YES;
				GCC_WARN_UNINITIALIZED_AUTOS = YES_AGGRESSIVE;
				GCC_WARN_UNUSED_FUNCTION = YES;
				GCC_WARN_UNUSED_VARIABLE = YES;
				IPHONEOS_DEPLOYMENT_TARGET = 16.0;
				LOCALIZATION_PREFERS_STRING_CATALOGS = YES;
				MTL_ENABLE_DEBUG_INFO = NO;
				MTL_FAST_MATH = YES;
				SDKROOT = iphoneos;
				STRING_CATALOG_GENERATE_SYMBOLS = YES;
				SWIFT_COMPILATION_MODE = wholemodule;
				VALIDATE_PRODUCT = YES;
			};
			name = Release;
		};
		702 /* Debug */ = {
			isa = XCBuildConfiguration;
			buildSettings = {
				ASSETCATALOG_COMPILER_APPICON_NAME = AppIcon;
				ASSETCATALOG_COMPILER_GLOBAL_ACCENT_COLOR_NAME = AccentColor;
				CODE_SIGN_STYLE = Automatic;
				CURRENT_PROJECT_VERSION = 1;
				ENABLE_PREVIEWS = YES;
				GENERATE_INFOPLIST_FILE = NO;
				INFOPLIST_FILE = FlockFinder/Info.plist;
				INFOPLIST_KEY_CFBundleDisplayName = FlockFinder;
				INFOPLIST_KEY_LSApplicationCategoryType = "public.app-category.utilities";
				INFOPLIST_KEY_UIApplicationSceneManifest_Generation = YES;
				INFOPLIST_KEY_UIApplicationSupportsIndirectInputEvents = YES;
				INFOPLIST_KEY_UILaunchScreen_Generation = YES;
				INFOPLIST_KEY_UISupportedInterfaceOrientations_iPad = "UIInterfaceOrientationPortrait UIInterfaceOrientationPortraitUpsideDown UIInterfaceOrientationLandscapeLeft UIInterfaceOrientationLandscapeRight";
				INFOPLIST_KEY_UISupportedInterfaceOrientations_iPhone = "UIInterfaceOrientationPortrait UIInterfaceOrientationLandscapeLeft UIInterfaceOrientationLandscapeRight";
				LD_RUNPATH_SEARCH_PATHS = (
					"$(inherited)",
					"@executable_path/Frameworks",
				);
				MARKETING_VERSION = 1.0;
				PRODUCT_BUNDLE_IDENTIFIER = com.flockfinder.app;
				PRODUCT_NAME = "$(TARGET_NAME)";
				SWIFT_EMIT_LOC_STRINGS = YES;
				SWIFT_VERSION = 5.0;
				TARGETED_DEVICE_FAMILY = "1,2";
			};
			name = Debug;
		};
		703 /* Release */ = {
			isa = XCBuildConfiguration;
			buildSettings = {
				ASSETCATALOG_COMPILER_APPICON_NAME = AppIcon;
				ASSETCATALOG_COMPILER_GLOBAL_ACCENT_COLOR_NAME = AccentColor;
				CODE_SIGN_STYLE = Automatic;
				CURRENT_PROJECT_VERSION = 1;
				ENABLE_PREVIEWS = YES;
				GENERATE_INFOPLIST_FILE = NO;
				INFOPLIST_FILE = FlockFinder/Info.plist;
				INFOPLIST_KEY_CFBundleDisplayName = FlockFinder;
				INFOPLIST_KEY_LSApplicationCategoryType = "public.app-category.utilities";
				INFOPLIST_KEY_UIApplicationSceneManifest_Generation = YES;
				INFOPLIST_KEY_UIApplicationSupportsIndirectInputEvents = YES;
				INFOPLIST_KEY_UILaunchScreen_Generation = YES;
				INFOPLIST_KEY_UISupportedInterfaceOrientations_iPad = "UIInterfaceOrientationPortrait UIInterfaceOrientationPortraitUpsideDown UIInterfaceOrientationLandscapeLeft UIInterfaceOrientationLandscapeRight";
				INFOPLIST_KEY_UISupportedInterfaceOrientations_iPhone = "UIInterfaceOrientationPortrait UIInterfaceOrientationLandscapeLeft UIInterfaceOrientationLandscapeRight";
				LD_RUNPATH_SEARCH_PATHS = (
					"$(inherited)",
					"@executable_path/Frameworks",
				);
				MARKETING_VERSION = 1.0;
				PRODUCT_BUNDLE_IDENTIFIER = com.flockfinder.app;
				PRODUCT_NAME = "$(TARGET_NAME)";
				SWIFT_EMIT_LOC_STRINGS = YES;
				SWIFT_VERSION = 5.0;
				TARGETED_DEVICE_FAMILY = "1,2";
			};
			name = Release;
		};
/* End XCBuildConfiguration section */

/* Begin XCConfigurationList section */
		500 /* Build configuration list for PBXProject "FlockFinder" */ = {
			isa = XCConfigurationList;
			buildConfigurations = (
				700 /* Debug */,
				701 /* Release */,
			);
			defaultConfigurationIsVisible = 0;
			defaultConfigurationName = Release;
		};
		501 /* Build configuration list for PBXNativeTarget "FlockFinder" */ = {
			isa = XCConfigurationList;
			buildConfigurations = (
				702 /* Debug */,
				703 /* Release */,
			);
			defaultConfigurationIsVisible = 0;
			defaultConfigurationName = Release;
		};
/* End XCConfigurationList section */
	};
	rootObject = 600 /* Project object */;
}
